{
    "_readme": [
        "This file locks the dependencies of your project to a known state",
        "Read more about it at http://getcomposer.org/doc/01-basic-usage.md#composer-lock-the-lock-file",
        "This file is @generated automatically"
    ],
    "hash": "cf1934fbdf66cf15845791fb78f066c0",
    "packages": [
        {
            "name": "asimlqt/php-google-spreadsheet-client",
            "version": "2.2.4",
            "source": {
                "type": "git",
                "url": "https://github.com/asimlqt/php-google-spreadsheet-client.git",
                "reference": "a5ef0a9a639ab38ee52f2fa9d0af845bb4a6b937"
            },
            "dist": {
                "type": "zip",
                "url": "https://api.github.com/repos/asimlqt/php-google-spreadsheet-client/zipball/a5ef0a9a639ab38ee52f2fa9d0af845bb4a6b937",
                "reference": "a5ef0a9a639ab38ee52f2fa9d0af845bb4a6b937",
                "shasum": ""
            },
            "require": {
                "php": ">=5.3.0"
            },
            "type": "library",
            "autoload": {
                "psr-4": {
                    "Google\\": "src/Google"
                }
            },
            "notification-url": "https://packagist.org/downloads/",
            "license": [
                "Apache-2.0"
            ],
            "authors": [
                {
                    "name": "Asim Liaquat",
                    "email": "asimlqt22@gmail.com",
                    "role": "Developer"
                },
                {
                    "name": "Martin Czygan",
                    "email": "martin.czygan@gmail.com",
                    "homepage": "http://twitter.com/cvvfj",
                    "role": "Packager"
                }
            ],
            "description": "Google Spreadsheet PHP Client",
            "homepage": "https://github.com/asimlqt/php-google-spreadsheet-client",
            "keywords": [
                "google",
                "spreadsheet"
            ],
            "time": "2014-12-02 14:08:20"
        }
    ],
    "packages-dev": [],
    "aliases": [],
    "minimum-stability": "stable",
    "stability-flags": [],
    "prefer-stable": false,
    "prefer-lowest": false,
    "platform": [],
    "platform-dev": []
}
